{
  "name": "LearningGraphicsAPI",
  "lockfileVersion": 3,
  "requires": true,
  "packages": {
    "": {
      "dependencies": {
        "@webgpu/types": "^0.1.55"
      }
    },
    "node_modules/@webgpu/types": {
      "version": "0.1.55",
      "resolved": "https://registry.npmjs.org/@webgpu/types/-/types-0.1.55.tgz",
      "integrity": "sha512-p97I8XEC1h04esklFqyIH+UhFrUcj8/1/vBWgc6lAK4jMJc+KbhUy8D4dquHYztFj6pHLqGcp/P1xvBBF4r3DA==",
      "license": "BSD-3-Clause"
    }
  }
}
